
Microsoft Visual Studio Solution File, Format Version 12.00
# Visual Studio Version 16
VisualStudioVersion = 16.0.30523.141
MinimumVisualStudioVersion = 10.0.40219.1
Project("{FAE04EC0-301F-11D3-BF4B-00C04F79EFBC}") = "Hompus.VideoInputDevices", "src\Hompus.VideoInputDevices\Hompus.VideoInputDevices.csproj", "{D6404D9A-6EEC-4ACD-B975-B888918A8D47}"
EndProject
Project("{2150E333-8FDC-42A3-9474-1A3956D46DE8}") = "src", "src", "{94BCA437-C806-4E84-83D8-32B9CD64A6C3}"
EndProject
Global
	GlobalSection(SolutionConfigurationPlatforms) = preSolution
		Debug|Any CPU = Debug|Any CPU
		Release|Any CPU = Release|Any CPU
	EndGlobalSection
	GlobalSection(ProjectConfigurationPlatforms) = postSolution
		{D6404D9A-6EEC-4ACD-B975-B888918A8D47}.Debug|Any CPU.ActiveCfg = Debug|Any CPU
		{D6404D9A-6EEC-4ACD-B975-B888918A8D47}.Debug|Any CPU.Build.0 = Debug|Any CPU
		{D6404D9A-6EEC-4ACD-B975-B888918A8D47}.Release|Any CPU.ActiveCfg = Release|Any CPU
		{D6404D9A-6EEC-4ACD-B975-B888918A8D47}.Release|Any CPU.Build.0 = Release|Any CPU
	EndGlobalSection
	GlobalSection(SolutionProperties) = preSolution
		HideSolutionNode = FALSE
	EndGlobalSection
	GlobalSection(NestedProjects) = preSolution
		{D6404D9A-6EEC-4ACD-B975-B888918A8D47} = {94BCA437-C806-4E84-83D8-32B9CD64A6C3}
	EndGlobalSection
	GlobalSection(ExtensibilityGlobals) = postSolution
		SolutionGuid = {6AF162DE-4F80-4A31-BA78-DB2642292943}
	EndGlobalSection
EndGlobal
